
Microsoft Visual Studio Solution File, Format Version 12.00
# Visual Studio Version 17
VisualStudioVersion = 17.7.34003.232
MinimumVisualStudioVersion = 10.0.40219.1
Project("{FAE04EC0-301F-11D3-BF4B-00C04F79EFBC}") = "Market.Shared", "Market.Shared\Market.Shared.csproj", "{491DD853-C30A-48F6-9DAD-63C80657C79F}"
EndProject
Project("{FAE04EC0-301F-11D3-BF4B-00C04F79EFBC}") = "Market.API", "Market.API\Market.API.csproj", "{3E6F094B-0318-4416-A1B0-F2B96190EC40}"
EndProject
Project("{FAE04EC0-301F-11D3-BF4B-00C04F79EFBC}") = "Market.WEB", "Market.WEB\Market.WEB.csproj", "{99B822FD-7BA5-4E31-9C3D-B738F76CF1A6}"
EndProject
Global
	GlobalSection(SolutionConfigurationPlatforms) = preSolution
		Debug|Any CPU = Debug|Any CPU
		Release|Any CPU = Release|Any CPU
	EndGlobalSection
	GlobalSection(ProjectConfigurationPlatforms) = postSolution
		{491DD853-C30A-48F6-9DAD-63C80657C79F}.Debug|Any CPU.ActiveCfg = Debug|Any CPU
		{491DD853-C30A-48F6-9DAD-63C80657C79F}.Debug|Any CPU.Build.0 = Debug|Any CPU
		{491DD853-C30A-48F6-9DAD-63C80657C79F}.Release|Any CPU.ActiveCfg = Release|Any CPU
		{491DD853-C30A-48F6-9DAD-63C80657C79F}.Release|Any CPU.Build.0 = Release|Any CPU
		{3E6F094B-0318-4416-A1B0-F2B96190EC40}.Debug|Any CPU.ActiveCfg = Debug|Any CPU
		{3E6F094B-0318-4416-A1B0-F2B96190EC40}.Debug|Any CPU.Build.0 = Debug|Any CPU
		{3E6F094B-0318-4416-A1B0-F2B96190EC40}.Release|Any CPU.ActiveCfg = Release|Any CPU
		{3E6F094B-0318-4416-A1B0-F2B96190EC40}.Release|Any CPU.Build.0 = Release|Any CPU
		{99B822FD-7BA5-4E31-9C3D-B738F76CF1A6}.Debug|Any CPU.ActiveCfg = Debug|Any CPU
		{99B822FD-7BA5-4E31-9C3D-B738F76CF1A6}.Debug|Any CPU.Build.0 = Debug|Any CPU
		{99B822FD-7BA5-4E31-9C3D-B738F76CF1A6}.Release|Any CPU.ActiveCfg = Release|Any CPU
		{99B822FD-7BA5-4E31-9C3D-B738F76CF1A6}.Release|Any CPU.Build.0 = Release|Any CPU
	EndGlobalSection
	GlobalSection(SolutionProperties) = preSolution
		HideSolutionNode = FALSE
	EndGlobalSection
	GlobalSection(ExtensibilityGlobals) = postSolution
		SolutionGuid = {A041CE33-B702-4817-826E-0B4414BF2250}
	EndGlobalSection
EndGlobal
